
Microsoft Visual Studio Solution File, Format Version 12.00
# Visual Studio Version 17
VisualStudioVersion = 17.14.36518.9 d17.14
MinimumVisualStudioVersion = 10.0.40219.1
Project("{FAE04EC0-301F-11D3-BF4B-00C04F79EFBC}") = "LevelUp.Api", "LevelUp.Api\LevelUp.Api.csproj", "{861D733F-D5DC-4659-B1DA-1F1FE6CE9149}"
EndProject
Project("{FAE04EC0-301F-11D3-BF4B-00C04F79EFBC}") = "LevelUp.Domain", "LevelUp.Domain\LevelUp.Domain.csproj", "{37DE64BA-105E-45D9-98FA-481D1CA4BA32}"
EndProject
Project("{FAE04EC0-301F-11D3-BF4B-00C04F79EFBC}") = "LevelUp.Application", "LevelUp.Application\LevelUp.Application.csproj", "{6721D61B-6AD7-4250-A5A6-6BBBE088D3CE}"
EndProject
Project("{FAE04EC0-301F-11D3-BF4B-00C04F79EFBC}") = "LevelUp.Infrastructure", "LevelUp.Infrastructure\LevelUp.Infrastructure.csproj", "{E8543F58-2FBF-44BC-BEBE-5FEADF2BA473}"
EndProject
Project("{FAE04EC0-301F-11D3-BF4B-00C04F79EFBC}") = "LevelUp.Domain.UnitTests", "LevelUp.Domain.UnitTests\LevelUp.Domain.UnitTests.csproj", "{F56D8CB6-6D83-4977-920C-07ABC1B584C1}"
EndProject
Project("{FAE04EC0-301F-11D3-BF4B-00C04F79EFBC}") = "LevelUp.Application.UnitTests", "LevelUp.Application.UnitTests\LevelUp.Application.UnitTests.csproj", "{4942A1B9-01C8-4498-A16B-24D5BE22C1E5}"
EndProject
Project("{FAE04EC0-301F-11D3-BF4B-00C04F79EFBC}") = "LevelUp.Infrastructure.UnitTests", "LevelUp.Infrastructure.UnitTests\LevelUp.Infrastructure.UnitTests.csproj", "{9B00ECF5-3A5C-4A21-A95C-BE2B83F70343}"
EndProject
Project("{2150E333-8FDC-42A3-9474-1A3956D46DE8}") = "SolutionItems", "SolutionItems", "{02EA681E-C7D8-13C7-8484-4AC65E1B71E8}"
	ProjectSection(SolutionItems) = preProject
		Directory.Build.props = Directory.Build.props
		Directory.Packages.props = Directory.Packages.props
	EndProjectSection
EndProject
Global
	GlobalSection(SolutionConfigurationPlatforms) = preSolution
		Debug|Any CPU = Debug|Any CPU
		Debug|x64 = Debug|x64
		Debug|x86 = Debug|x86
		Release|Any CPU = Release|Any CPU
		Release|x64 = Release|x64
		Release|x86 = Release|x86
	EndGlobalSection
	GlobalSection(ProjectConfigurationPlatforms) = postSolution
		{861D733F-D5DC-4659-B1DA-1F1FE6CE9149}.Debug|Any CPU.ActiveCfg = Debug|Any CPU
		{861D733F-D5DC-4659-B1DA-1F1FE6CE9149}.Debug|Any CPU.Build.0 = Debug|Any CPU
		{861D733F-D5DC-4659-B1DA-1F1FE6CE9149}.Debug|x64.ActiveCfg = Debug|Any CPU
		{861D733F-D5DC-4659-B1DA-1F1FE6CE9149}.Debug|x64.Build.0 = Debug|Any CPU
		{861D733F-D5DC-4659-B1DA-1F1FE6CE9149}.Debug|x86.ActiveCfg = Debug|Any CPU
		{861D733F-D5DC-4659-B1DA-1F1FE6CE9149}.Debug|x86.Build.0 = Debug|Any CPU
		{861D733F-D5DC-4659-B1DA-1F1FE6CE9149}.Release|Any CPU.ActiveCfg = Release|Any CPU
		{861D733F-D5DC-4659-B1DA-1F1FE6CE9149}.Release|Any CPU.Build.0 = Release|Any CPU
		{861D733F-D5DC-4659-B1DA-1F1FE6CE9149}.Release|x64.ActiveCfg = Release|Any CPU
		{861D733F-D5DC-4659-B1DA-1F1FE6CE9149}.Release|x64.Build.0 = Release|Any CPU
		{861D733F-D5DC-4659-B1DA-1F1FE6CE9149}.Release|x86.ActiveCfg = Release|Any CPU
		{861D733F-D5DC-4659-B1DA-1F1FE6CE9149}.Release|x86.Build.0 = Release|Any CPU
		{37DE64BA-105E-45D9-98FA-481D1CA4BA32}.Debug|Any CPU.ActiveCfg = Debug|Any CPU
		{37DE64BA-105E-45D9-98FA-481D1CA4BA32}.Debug|Any CPU.Build.0 = Debug|Any CPU
		{37DE64BA-105E-45D9-98FA-481D1CA4BA32}.Debug|x64.ActiveCfg = Debug|Any CPU
		{37DE64BA-105E-45D9-98FA-481D1CA4BA32}.Debug|x64.Build.0 = Debug|Any CPU
		{37DE64BA-105E-45D9-98FA-481D1CA4BA32}.Debug|x86.ActiveCfg = Debug|Any CPU
		{37DE64BA-105E-45D9-98FA-481D1CA4BA32}.Debug|x86.Build.0 = Debug|Any CPU
		{37DE64BA-105E-45D9-98FA-481D1CA4BA32}.Release|Any CPU.ActiveCfg = Release|Any CPU
		{37DE64BA-105E-45D9-98FA-481D1CA4BA32}.Release|Any CPU.Build.0 = Release|Any CPU
		{37DE64BA-105E-45D9-98FA-481D1CA4BA32}.Release|x64.ActiveCfg = Release|Any CPU
		{37DE64BA-105E-45D9-98FA-481D1CA4BA32}.Release|x64.Build.0 = Release|Any CPU
		{37DE64BA-105E-45D9-98FA-481D1CA4BA32}.Release|x86.ActiveCfg = Release|Any CPU
		{37DE64BA-105E-45D9-98FA-481D1CA4BA32}.Release|x86.Build.0 = Release|Any CPU
		{6721D61B-6AD7-4250-A5A6-6BBBE088D3CE}.Debug|Any CPU.ActiveCfg = Debug|Any CPU
		{6721D61B-6AD7-4250-A5A6-6BBBE088D3CE}.Debug|Any CPU.Build.0 = Debug|Any CPU
		{6721D61B-6AD7-4250-A5A6-6BBBE088D3CE}.Debug|x64.ActiveCfg = Debug|Any CPU
		{6721D61B-6AD7-4250-A5A6-6BBBE088D3CE}.Debug|x64.Build.0 = Debug|Any CPU
		{6721D61B-6AD7-4250-A5A6-6BBBE088D3CE}.Debug|x86.ActiveCfg = Debug|Any CPU
		{6721D61B-6AD7-4250-A5A6-6BBBE088D3CE}.Debug|x86.Build.0 = Debug|Any CPU
		{6721D61B-6AD7-4250-A5A6-6BBBE088D3CE}.Release|Any CPU.ActiveCfg = Release|Any CPU
		{6721D61B-6AD7-4250-A5A6-6BBBE088D3CE}.Release|Any CPU.Build.0 = Release|Any CPU
		{6721D61B-6AD7-4250-A5A6-6BBBE088D3CE}.Release|x64.ActiveCfg = Release|Any CPU
		{6721D61B-6AD7-4250-A5A6-6BBBE088D3CE}.Release|x64.Build.0 = Release|Any CPU
		{6721D61B-6AD7-4250-A5A6-6BBBE088D3CE}.Release|x86.ActiveCfg = Release|Any CPU
		{6721D61B-6AD7-4250-A5A6-6BBBE088D3CE}.Release|x86.Build.0 = Release|Any CPU
		{E8543F58-2FBF-44BC-BEBE-5FEADF2BA473}.Debug|Any CPU.ActiveCfg = Debug|Any CPU
		{E8543F58-2FBF-44BC-BEBE-5FEADF2BA473}.Debug|Any CPU.Build.0 = Debug|Any CPU
		{E8543F58-2FBF-44BC-BEBE-5FEADF2BA473}.Debug|x64.ActiveCfg = Debug|Any CPU
		{E8543F58-2FBF-44BC-BEBE-5FEADF2BA473}.Debug|x64.Build.0 = Debug|Any CPU
		{E8543F58-2FBF-44BC-BEBE-5FEADF2BA473}.Debug|x86.ActiveCfg = Debug|Any CPU
		{E8543F58-2FBF-44BC-BEBE-5FEADF2BA473}.Debug|x86.Build.0 = Debug|Any CPU
		{E8543F58-2FBF-44BC-BEBE-5FEADF2BA473}.Release|Any CPU.ActiveCfg = Release|Any CPU
		{E8543F58-2FBF-44BC-BEBE-5FEADF2BA473}.Release|Any CPU.Build.0 = Release|Any CPU
		{E8543F58-2FBF-44BC-BEBE-5FEADF2BA473}.Release|x64.ActiveCfg = Release|Any CPU
		{E8543F58-2FBF-44BC-BEBE-5FEADF2BA473}.Release|x64.Build.0 = Release|Any CPU
		{E8543F58-2FBF-44BC-BEBE-5FEADF2BA473}.Release|x86.ActiveCfg = Release|Any CPU
		{E8543F58-2FBF-44BC-BEBE-5FEADF2BA473}.Release|x86.Build.0 = Release|Any CPU
		{F56D8CB6-6D83-4977-920C-07ABC1B584C1}.Debug|Any CPU.ActiveCfg = Debug|Any CPU
		{F56D8CB6-6D83-4977-920C-07ABC1B584C1}.Debug|Any CPU.Build.0 = Debug|Any CPU
		{F56D8CB6-6D83-4977-920C-07ABC1B584C1}.Debug|x64.ActiveCfg = Debug|Any CPU
		{F56D8CB6-6D83-4977-920C-07ABC1B584C1}.Debug|x64.Build.0 = Debug|Any CPU
		{F56D8CB6-6D83-4977-920C-07ABC1B584C1}.Debug|x86.ActiveCfg = Debug|Any CPU
		{F56D8CB6-6D83-4977-920C-07ABC1B584C1}.Debug|x86.Build.0 = Debug|Any CPU
		{F56D8CB6-6D83-4977-920C-07ABC1B584C1}.Release|Any CPU.ActiveCfg = Release|Any CPU
		{F56D8CB6-6D83-4977-920C-07ABC1B584C1}.Release|Any CPU.Build.0 = Release|Any CPU
		{F56D8CB6-6D83-4977-920C-07ABC1B584C1}.Release|x64.ActiveCfg = Release|Any CPU
		{F56D8CB6-6D83-4977-920C-07ABC1B584C1}.Release|x64.Build.0 = Release|Any CPU
		{F56D8CB6-6D83-4977-920C-07ABC1B584C1}.Release|x86.ActiveCfg = Release|Any CPU
		{F56D8CB6-6D83-4977-920C-07ABC1B584C1}.Release|x86.Build.0 = Release|Any CPU
		{4942A1B9-01C8-4498-A16B-24D5BE22C1E5}.Debug|Any CPU.ActiveCfg = Debug|Any CPU
		{4942A1B9-01C8-4498-A16B-24D5BE22C1E5}.Debug|Any CPU.Build.0 = Debug|Any CPU
		{4942A1B9-01C8-4498-A16B-24D5BE22C1E5}.Debug|x64.ActiveCfg = Debug|Any CPU
		{4942A1B9-01C8-4498-A16B-24D5BE22C1E5}.Debug|x64.Build.0 = Debug|Any CPU
		{4942A1B9-01C8-4498-A16B-24D5BE22C1E5}.Debug|x86.ActiveCfg = Debug|Any CPU
		{4942A1B9-01C8-4498-A16B-24D5BE22C1E5}.Debug|x86.Build.0 = Debug|Any CPU
		{4942A1B9-01C8-4498-A16B-24D5BE22C1E5}.Release|Any CPU.ActiveCfg = Release|Any CPU
		{4942A1B9-01C8-4498-A16B-24D5BE22C1E5}.Release|Any CPU.Build.0 = Release|Any CPU
		{4942A1B9-01C8-4498-A16B-24D5BE22C1E5}.Release|x64.ActiveCfg = Release|Any CPU
		{4942A1B9-01C8-4498-A16B-24D5BE22C1E5}.Release|x64.Build.0 = Release|Any CPU
		{4942A1B9-01C8-4498-A16B-24D5BE22C1E5}.Release|x86.ActiveCfg = Release|Any CPU
		{4942A1B9-01C8-4498-A16B-24D5BE22C1E5}.Release|x86.Build.0 = Release|Any CPU
		{9B00ECF5-3A5C-4A21-A95C-BE2B83F70343}.Debug|Any CPU.ActiveCfg = Debug|Any CPU
		{9B00ECF5-3A5C-4A21-A95C-BE2B83F70343}.Debug|Any CPU.Build.0 = Debug|Any CPU
		{9B00ECF5-3A5C-4A21-A95C-BE2B83F70343}.Debug|x64.ActiveCfg = Debug|Any CPU
		{9B00ECF5-3A5C-4A21-A95C-BE2B83F70343}.Debug|x64.Build.0 = Debug|Any CPU
		{9B00ECF5-3A5C-4A21-A95C-BE2B83F70343}.Debug|x86.ActiveCfg = Debug|Any CPU
		{9B00ECF5-3A5C-4A21-A95C-BE2B83F70343}.Debug|x86.Build.0 = Debug|Any CPU
		{9B00ECF5-3A5C-4A21-A95C-BE2B83F70343}.Release|Any CPU.ActiveCfg = Release|Any CPU
		{9B00ECF5-3A5C-4A21-A95C-BE2B83F70343}.Release|Any CPU.Build.0 = Release|Any CPU
		{9B00ECF5-3A5C-4A21-A95C-BE2B83F70343}.Release|x64.ActiveCfg = Release|Any CPU
		{9B00ECF5-3A5C-4A21-A95C-BE2B83F70343}.Release|x64.Build.0 = Release|Any CPU
		{9B00ECF5-3A5C-4A21-A95C-BE2B83F70343}.Release|x86.ActiveCfg = Release|Any CPU
		{9B00ECF5-3A5C-4A21-A95C-BE2B83F70343}.Release|x86.Build.0 = Release|Any CPU
	EndGlobalSection
	GlobalSection(SolutionProperties) = preSolution
		HideSolutionNode = FALSE
	EndGlobalSection
	GlobalSection(ExtensibilityGlobals) = postSolution
		SolutionGuid = {A5C34A93-AA39-4C52-980E-14C108C5ADF6}
	EndGlobalSection
EndGlobal
